
Microsoft Visual Studio Solution File, Format Version 12.00
# Visual Studio Version 17
VisualStudioVersion = 17.13.35825.156 d17.13
MinimumVisualStudioVersion = 10.0.40219.1
Project("{FAE04EC0-301F-11D3-BF4B-00C04F79EFBC}") = "EduSyncWebApi", "EduSyncWebApi.csproj", "{3E876A03-F06E-4341-9863-ABD8418AE10E}"
EndProject
Global
	GlobalSection(SolutionConfigurationPlatforms) = preSolution
		Debug|Any CPU = Debug|Any CPU
		Release|Any CPU = Release|Any CPU
	EndGlobalSection
	GlobalSection(ProjectConfigurationPlatforms) = postSolution
		{3E876A03-F06E-4341-9863-ABD8418AE10E}.Debug|Any CPU.ActiveCfg = Debug|Any CPU
		{3E876A03-F06E-4341-9863-ABD8418AE10E}.Debug|Any CPU.Build.0 = Debug|Any CPU
		{3E876A03-F06E-4341-9863-ABD8418AE10E}.Release|Any CPU.ActiveCfg = Release|Any CPU
		{3E876A03-F06E-4341-9863-ABD8418AE10E}.Release|Any CPU.Build.0 = Release|Any CPU
	EndGlobalSection
	GlobalSection(SolutionProperties) = preSolution
		HideSolutionNode = FALSE
	EndGlobalSection
	GlobalSection(ExtensibilityGlobals) = postSolution
		SolutionGuid = {92AE0D08-805C-4085-BD02-0498F5EBC89E}
	EndGlobalSection
EndGlobal
